
Microsoft Visual Studio Solution File, Format Version 12.00
# Visual Studio Version 17
VisualStudioVersion = 17.7.34024.191
MinimumVisualStudioVersion = 10.0.40219.1
Project("{FAE04EC0-301F-11D3-BF4B-00C04F79EFBC}") = "ProyectoCLAP1", "ProyectoCLAP1\ProyectoCLAP1.csproj", "{BEBD6DB7-859F-48C3-90CE-42C7313BB289}"
EndProject
Global
	GlobalSection(SolutionConfigurationPlatforms) = preSolution
		Debug|Any CPU = Debug|Any CPU
		Release|Any CPU = Release|Any CPU
	EndGlobalSection
	GlobalSection(ProjectConfigurationPlatforms) = postSolution
		{BEBD6DB7-859F-48C3-90CE-42C7313BB289}.Debug|Any CPU.ActiveCfg = Debug|Any CPU
		{BEBD6DB7-859F-48C3-90CE-42C7313BB289}.Debug|Any CPU.Build.0 = Debug|Any CPU
		{BEBD6DB7-859F-48C3-90CE-42C7313BB289}.Release|Any CPU.ActiveCfg = Release|Any CPU
		{BEBD6DB7-859F-48C3-90CE-42C7313BB289}.Release|Any CPU.Build.0 = Release|Any CPU
	EndGlobalSection
	GlobalSection(SolutionProperties) = preSolution
		HideSolutionNode = FALSE
	EndGlobalSection
	GlobalSection(ExtensibilityGlobals) = postSolution
		SolutionGuid = {210EE14B-57C1-481E-96C7-1FC1229697A6}
	EndGlobalSection
EndGlobal
